
Microsoft Visual Studio Solution File, Format Version 12.00
# Visual Studio 15
VisualStudioVersion = 15.0.26430.6
MinimumVisualStudioVersion = 10.0.40219.1
Project("{FAE04EC0-301F-11D3-BF4B-00C04F79EFBC}") = "IMCApp.Android", "IMCApp\IMCApp.Android\IMCApp.Android.csproj", "{481335FD-B24A-46AF-AE3C-5521E16767D7}"
EndProject
Project("{FAE04EC0-301F-11D3-BF4B-00C04F79EFBC}") = "IMCApp", "IMCApp\IMCApp\IMCApp.csproj", "{AD774426-2FD0-412E-AB82-2FA8B187F194}"
EndProject
Project("{FAE04EC0-301F-11D3-BF4B-00C04F79EFBC}") = "IMCApp.UWP", "IMCApp\IMCApp.UWP\IMCApp.UWP.csproj", "{9ADC665E-59AA-430D-8051-E8FBADEF1C20}"
EndProject
Project("{FAE04EC0-301F-11D3-BF4B-00C04F79EFBC}") = "IMCApp.iOS", "IMCApp\IMCApp.iOS\IMCApp.iOS.csproj", "{07AB4C3E-3BD4-49D4-BC5B-841E3B733BE9}"
EndProject
Global
	GlobalSection(SolutionConfigurationPlatforms) = preSolution
		Ad-Hoc|Any CPU = Ad-Hoc|Any CPU
		Ad-Hoc|ARM = Ad-Hoc|ARM
		Ad-Hoc|iPhone = Ad-Hoc|iPhone
		Ad-Hoc|iPhoneSimulator = Ad-Hoc|iPhoneSimulator
		Ad-Hoc|x64 = Ad-Hoc|x64
		Ad-Hoc|x86 = Ad-Hoc|x86
		AppStore|Any CPU = AppStore|Any CPU
		AppStore|ARM = AppStore|ARM
		AppStore|iPhone = AppStore|iPhone
		AppStore|iPhoneSimulator = AppStore|iPhoneSimulator
		AppStore|x64 = AppStore|x64
		AppStore|x86 = AppStore|x86
		Debug|Any CPU = Debug|Any CPU
		Debug|ARM = Debug|ARM
		Debug|iPhone = Debug|iPhone
		Debug|iPhoneSimulator = Debug|iPhoneSimulator
		Debug|x64 = Debug|x64
		Debug|x86 = Debug|x86
		Release|Any CPU = Release|Any CPU
		Release|ARM = Release|ARM
		Release|iPhone = Release|iPhone
		Release|iPhoneSimulator = Release|iPhoneSimulator
		Release|x64 = Release|x64
		Release|x86 = Release|x86
	EndGlobalSection
	GlobalSection(ProjectConfigurationPlatforms) = postSolution
		{481335FD-B24A-46AF-AE3C-5521E16767D7}.Ad-Hoc|Any CPU.ActiveCfg = Release|Any CPU
		{481335FD-B24A-46AF-AE3C-5521E16767D7}.Ad-Hoc|Any CPU.Build.0 = Release|Any CPU
		{481335FD-B24A-46AF-AE3C-5521E16767D7}.Ad-Hoc|Any CPU.Deploy.0 = Release|Any CPU
		{481335FD-B24A-46AF-AE3C-5521E16767D7}.Ad-Hoc|ARM.ActiveCfg = Release|Any CPU
		{481335FD-B24A-46AF-AE3C-5521E16767D7}.Ad-Hoc|ARM.Build.0 = Release|Any CPU
		{481335FD-B24A-46AF-AE3C-5521E16767D7}.Ad-Hoc|ARM.Deploy.0 = Release|Any CPU
		{481335FD-B24A-46AF-AE3C-5521E16767D7}.Ad-Hoc|iPhone.ActiveCfg = Release|Any CPU
		{481335FD-B24A-46AF-AE3C-5521E16767D7}.Ad-Hoc|iPhone.Build.0 = Release|Any CPU
		{481335FD-B24A-46AF-AE3C-5521E16767D7}.Ad-Hoc|iPhone.Deploy.0 = Release|Any CPU
		{481335FD-B24A-46AF-AE3C-5521E16767D7}.Ad-Hoc|iPhoneSimulator.ActiveCfg = Release|Any CPU
		{481335FD-B24A-46AF-AE3C-5521E16767D7}.Ad-Hoc|iPhoneSimulator.Build.0 = Release|Any CPU
		{481335FD-B24A-46AF-AE3C-5521E16767D7}.Ad-Hoc|iPhoneSimulator.Deploy.0 = Release|Any CPU
		{481335FD-B24A-46AF-AE3C-5521E16767D7}.Ad-Hoc|x64.ActiveCfg = Release|Any CPU
		{481335FD-B24A-46AF-AE3C-5521E16767D7}.Ad-Hoc|x64.Build.0 = Release|Any CPU
		{481335FD-B24A-46AF-AE3C-5521E16767D7}.Ad-Hoc|x64.Deploy.0 = Release|Any CPU
		{481335FD-B24A-46AF-AE3C-5521E16767D7}.Ad-Hoc|x86.ActiveCfg = Release|Any CPU
		{481335FD-B24A-46AF-AE3C-5521E16767D7}.Ad-Hoc|x86.Build.0 = Release|Any CPU
		{481335FD-B24A-46AF-AE3C-5521E16767D7}.Ad-Hoc|x86.Deploy.0 = Release|Any CPU
		{481335FD-B24A-46AF-AE3C-5521E16767D7}.AppStore|Any CPU.ActiveCfg = Release|Any CPU
		{481335FD-B24A-46AF-AE3C-5521E16767D7}.AppStore|Any CPU.Build.0 = Release|Any CPU
		{481335FD-B24A-46AF-AE3C-5521E16767D7}.AppStore|Any CPU.Deploy.0 = Release|Any CPU
		{481335FD-B24A-46AF-AE3C-5521E16767D7}.AppStore|ARM.ActiveCfg = Release|Any CPU
		{481335FD-B24A-46AF-AE3C-5521E16767D7}.AppStore|ARM.Build.0 = Release|Any CPU
		{481335FD-B24A-46AF-AE3C-5521E16767D7}.AppStore|ARM.Deploy.0 = Release|Any CPU
		{481335FD-B24A-46AF-AE3C-5521E16767D7}.AppStore|iPhone.ActiveCfg = Release|Any CPU
		{481335FD-B24A-46AF-AE3C-5521E16767D7}.AppStore|iPhone.Build.0 = Release|Any CPU
		{481335FD-B24A-46AF-AE3C-5521E16767D7}.AppStore|iPhone.Deploy.0 = Release|Any CPU
		{481335FD-B24A-46AF-AE3C-5521E16767D7}.AppStore|iPhoneSimulator.ActiveCfg = Release|Any CPU
		{481335FD-B24A-46AF-AE3C-5521E16767D7}.AppStore|iPhoneSimulator.Build.0 = Release|Any CPU
		{481335FD-B24A-46AF-AE3C-5521E16767D7}.AppStore|iPhoneSimulator.Deploy.0 = Release|Any CPU
		{481335FD-B24A-46AF-AE3C-5521E16767D7}.AppStore|x64.ActiveCfg = Release|Any CPU
		{481335FD-B24A-46AF-AE3C-5521E16767D7}.AppStore|x64.Build.0 = Release|Any CPU
		{481335FD-B24A-46AF-AE3C-5521E16767D7}.AppStore|x64.Deploy.0 = Release|Any CPU
		{481335FD-B24A-46AF-AE3C-5521E16767D7}.AppStore|x86.ActiveCfg = Release|Any CPU
		{481335FD-B24A-46AF-AE3C-5521E16767D7}.AppStore|x86.Build.0 = Release|Any CPU
		{481335FD-B24A-46AF-AE3C-5521E16767D7}.AppStore|x86.Deploy.0 = Release|Any CPU
		{481335FD-B24A-46AF-AE3C-5521E16767D7}.Debug|Any CPU.ActiveCfg = Debug|Any CPU
		{481335FD-B24A-46AF-AE3C-5521E16767D7}.Debug|Any CPU.Build.0 = Debug|Any CPU
		{481335FD-B24A-46AF-AE3C-5521E16767D7}.Debug|Any CPU.Deploy.0 = Debug|Any CPU
		{481335FD-B24A-46AF-AE3C-5521E16767D7}.Debug|ARM.ActiveCfg = Debug|Any CPU
		{481335FD-B24A-46AF-AE3C-5521E16767D7}.Debug|ARM.Build.0 = Debug|Any CPU
		{481335FD-B24A-46AF-AE3C-5521E16767D7}.Debug|ARM.Deploy.0 = Debug|Any CPU
		{481335FD-B24A-46AF-AE3C-5521E16767D7}.Debug|iPhone.ActiveCfg = Debug|Any CPU
		{481335FD-B24A-46AF-AE3C-5521E16767D7}.Debug|iPhone.Build.0 = Debug|Any CPU
		{481335FD-B24A-46AF-AE3C-5521E16767D7}.Debug|iPhone.Deploy.0 = Debug|Any CPU
		{481335FD-B24A-46AF-AE3C-5521E16767D7}.Debug|iPhoneSimulator.ActiveCfg = Debug|Any CPU
		{481335FD-B24A-46AF-AE3C-5521E16767D7}.Debug|iPhoneSimulator.Build.0 = Debug|Any CPU
		{481335FD-B24A-46AF-AE3C-5521E16767D7}.Debug|iPhoneSimulator.Deploy.0 = Debug|Any CPU
		{481335FD-B24A-46AF-AE3C-5521E16767D7}.Debug|x64.ActiveCfg = Debug|Any CPU
		{481335FD-B24A-46AF-AE3C-5521E16767D7}.Debug|x64.Build.0 = Debug|Any CPU
		{481335FD-B24A-46AF-AE3C-5521E16767D7}.Debug|x64.Deploy.0 = Debug|Any CPU
		{481335FD-B24A-46AF-AE3C-5521E16767D7}.Debug|x86.ActiveCfg = Debug|Any CPU
		{481335FD-B24A-46AF-AE3C-5521E16767D7}.Debug|x86.Build.0 = Debug|Any CPU
		{481335FD-B24A-46AF-AE3C-5521E16767D7}.Debug|x86.Deploy.0 = Debug|Any CPU
		{481335FD-B24A-46AF-AE3C-5521E16767D7}.Release|Any CPU.ActiveCfg = Release|Any CPU
		{481335FD-B24A-46AF-AE3C-5521E16767D7}.Release|Any CPU.Build.0 = Release|Any CPU
		{481335FD-B24A-46AF-AE3C-5521E16767D7}.Release|Any CPU.Deploy.0 = Release|Any CPU
		{481335FD-B24A-46AF-AE3C-5521E16767D7}.Release|ARM.ActiveCfg = Release|Any CPU
		{481335FD-B24A-46AF-AE3C-5521E16767D7}.Release|ARM.Build.0 = Release|Any CPU
		{481335FD-B24A-46AF-AE3C-5521E16767D7}.Release|ARM.Deploy.0 = Release|Any CPU
		{481335FD-B24A-46AF-AE3C-5521E16767D7}.Release|iPhone.ActiveCfg = Release|Any CPU
		{481335FD-B24A-46AF-AE3C-5521E16767D7}.Release|iPhone.Build.0 = Release|Any CPU
		{481335FD-B24A-46AF-AE3C-5521E16767D7}.Release|iPhone.Deploy.0 = Release|Any CPU
		{481335FD-B24A-46AF-AE3C-5521E16767D7}.Release|iPhoneSimulator.ActiveCfg = Release|Any CPU
		{481335FD-B24A-46AF-AE3C-5521E16767D7}.Release|iPhoneSimulator.Build.0 = Release|Any CPU
		{481335FD-B24A-46AF-AE3C-5521E16767D7}.Release|iPhoneSimulator.Deploy.0 = Release|Any CPU
		{481335FD-B24A-46AF-AE3C-5521E16767D7}.Release|x64.ActiveCfg = Release|Any CPU
		{481335FD-B24A-46AF-AE3C-5521E16767D7}.Release|x64.Build.0 = Release|Any CPU
		{481335FD-B24A-46AF-AE3C-5521E16767D7}.Release|x64.Deploy.0 = Release|Any CPU
		{481335FD-B24A-46AF-AE3C-5521E16767D7}.Release|x86.ActiveCfg = Release|Any CPU
		{481335FD-B24A-46AF-AE3C-5521E16767D7}.Release|x86.Build.0 = Release|Any CPU
		{481335FD-B24A-46AF-AE3C-5521E16767D7}.Release|x86.Deploy.0 = Release|Any CPU
		{AD774426-2FD0-412E-AB82-2FA8B187F194}.Ad-Hoc|Any CPU.ActiveCfg = Release|Any CPU
		{AD774426-2FD0-412E-AB82-2FA8B187F194}.Ad-Hoc|Any CPU.Build.0 = Release|Any CPU
		{AD774426-2FD0-412E-AB82-2FA8B187F194}.Ad-Hoc|ARM.ActiveCfg = Release|Any CPU
		{AD774426-2FD0-412E-AB82-2FA8B187F194}.Ad-Hoc|ARM.Build.0 = Release|Any CPU
		{AD774426-2FD0-412E-AB82-2FA8B187F194}.Ad-Hoc|iPhone.ActiveCfg = Release|Any CPU
		{AD774426-2FD0-412E-AB82-2FA8B187F194}.Ad-Hoc|iPhone.Build.0 = Release|Any CPU
		{AD774426-2FD0-412E-AB82-2FA8B187F194}.Ad-Hoc|iPhoneSimulator.ActiveCfg = Release|Any CPU
		{AD774426-2FD0-412E-AB82-2FA8B187F194}.Ad-Hoc|iPhoneSimulator.Build.0 = Release|Any CPU
		{AD774426-2FD0-412E-AB82-2FA8B187F194}.Ad-Hoc|x64.ActiveCfg = Release|Any CPU
		{AD774426-2FD0-412E-AB82-2FA8B187F194}.Ad-Hoc|x64.Build.0 = Release|Any CPU
		{AD774426-2FD0-412E-AB82-2FA8B187F194}.Ad-Hoc|x86.ActiveCfg = Release|Any CPU
		{AD774426-2FD0-412E-AB82-2FA8B187F194}.Ad-Hoc|x86.Build.0 = Release|Any CPU
		{AD774426-2FD0-412E-AB82-2FA8B187F194}.AppStore|Any CPU.ActiveCfg = Release|Any CPU
		{AD774426-2FD0-412E-AB82-2FA8B187F194}.AppStore|Any CPU.Build.0 = Release|Any CPU
		{AD774426-2FD0-412E-AB82-2FA8B187F194}.AppStore|ARM.ActiveCfg = Release|Any CPU
		{AD774426-2FD0-412E-AB82-2FA8B187F194}.AppStore|ARM.Build.0 = Release|Any CPU
		{AD774426-2FD0-412E-AB82-2FA8B187F194}.AppStore|iPhone.ActiveCfg = Release|Any CPU
		{AD774426-2FD0-412E-AB82-2FA8B187F194}.AppStore|iPhone.Build.0 = Release|Any CPU
		{AD774426-2FD0-412E-AB82-2FA8B187F194}.AppStore|iPhoneSimulator.ActiveCfg = Release|Any CPU
		{AD774426-2FD0-412E-AB82-2FA8B187F194}.AppStore|iPhoneSimulator.Build.0 = Release|Any CPU
		{AD774426-2FD0-412E-AB82-2FA8B187F194}.AppStore|x64.ActiveCfg = Release|Any CPU
		{AD774426-2FD0-412E-AB82-2FA8B187F194}.AppStore|x64.Build.0 = Release|Any CPU
		{AD774426-2FD0-412E-AB82-2FA8B187F194}.AppStore|x86.ActiveCfg = Release|Any CPU
		{AD774426-2FD0-412E-AB82-2FA8B187F194}.AppStore|x86.Build.0 = Release|Any CPU
		{AD774426-2FD0-412E-AB82-2FA8B187F194}.Debug|Any CPU.ActiveCfg = Debug|Any CPU
		{AD774426-2FD0-412E-AB82-2FA8B187F194}.Debug|Any CPU.Build.0 = Debug|Any CPU
		{AD774426-2FD0-412E-AB82-2FA8B187F194}.Debug|ARM.ActiveCfg = Debug|Any CPU
		{AD774426-2FD0-412E-AB82-2FA8B187F194}.Debug|ARM.Build.0 = Debug|Any CPU
		{AD774426-2FD0-412E-AB82-2FA8B187F194}.Debug|iPhone.ActiveCfg = Debug|Any CPU
		{AD774426-2FD0-412E-AB82-2FA8B187F194}.Debug|iPhone.Build.0 = Debug|Any CPU
		{AD774426-2FD0-412E-AB82-2FA8B187F194}.Debug|iPhoneSimulator.ActiveCfg = Debug|Any CPU
		{AD774426-2FD0-412E-AB82-2FA8B187F194}.Debug|iPhoneSimulator.Build.0 = Debug|Any CPU
		{AD774426-2FD0-412E-AB82-2FA8B187F194}.Debug|x64.ActiveCfg = Debug|Any CPU
		{AD774426-2FD0-412E-AB82-2FA8B187F194}.Debug|x64.Build.0 = Debug|Any CPU
		{AD774426-2FD0-412E-AB82-2FA8B187F194}.Debug|x86.ActiveCfg = Debug|Any CPU
		{AD774426-2FD0-412E-AB82-2FA8B187F194}.Debug|x86.Build.0 = Debug|Any CPU
		{AD774426-2FD0-412E-AB82-2FA8B187F194}.Release|Any CPU.ActiveCfg = Release|Any CPU
		{AD774426-2FD0-412E-AB82-2FA8B187F194}.Release|Any CPU.Build.0 = Release|Any CPU
		{AD774426-2FD0-412E-AB82-2FA8B187F194}.Release|ARM.ActiveCfg = Release|Any CPU
		{AD774426-2FD0-412E-AB82-2FA8B187F194}.Release|ARM.Build.0 = Release|Any CPU
		{AD774426-2FD0-412E-AB82-2FA8B187F194}.Release|iPhone.ActiveCfg = Release|Any CPU
		{AD774426-2FD0-412E-AB82-2FA8B187F194}.Release|iPhone.Build.0 = Release|Any CPU
		{AD774426-2FD0-412E-AB82-2FA8B187F194}.Release|iPhoneSimulator.ActiveCfg = Release|Any CPU
		{AD774426-2FD0-412E-AB82-2FA8B187F194}.Release|iPhoneSimulator.Build.0 = Release|Any CPU
		{AD774426-2FD0-412E-AB82-2FA8B187F194}.Release|x64.ActiveCfg = Release|Any CPU
		{AD774426-2FD0-412E-AB82-2FA8B187F194}.Release|x64.Build.0 = Release|Any CPU
		{AD774426-2FD0-412E-AB82-2FA8B187F194}.Release|x86.ActiveCfg = Release|Any CPU
		{AD774426-2FD0-412E-AB82-2FA8B187F194}.Release|x86.Build.0 = Release|Any CPU
		{9ADC665E-59AA-430D-8051-E8FBADEF1C20}.Ad-Hoc|Any CPU.ActiveCfg = Release|x86
		{9ADC665E-59AA-430D-8051-E8FBADEF1C20}.Ad-Hoc|Any CPU.Build.0 = Release|x86
		{9ADC665E-59AA-430D-8051-E8FBADEF1C20}.Ad-Hoc|Any CPU.Deploy.0 = Release|x86
		{9ADC665E-59AA-430D-8051-E8FBADEF1C20}.Ad-Hoc|ARM.ActiveCfg = Release|ARM
		{9ADC665E-59AA-430D-8051-E8FBADEF1C20}.Ad-Hoc|ARM.Build.0 = Release|ARM
		{9ADC665E-59AA-430D-8051-E8FBADEF1C20}.Ad-Hoc|ARM.Deploy.0 = Release|ARM
		{9ADC665E-59AA-430D-8051-E8FBADEF1C20}.Ad-Hoc|iPhone.ActiveCfg = Release|x86
		{9ADC665E-59AA-430D-8051-E8FBADEF1C20}.Ad-Hoc|iPhone.Build.0 = Release|x86
		{9ADC665E-59AA-430D-8051-E8FBADEF1C20}.Ad-Hoc|iPhone.Deploy.0 = Release|x86
		{9ADC665E-59AA-430D-8051-E8FBADEF1C20}.Ad-Hoc|iPhoneSimulator.ActiveCfg = Release|x86
		{9ADC665E-59AA-430D-8051-E8FBADEF1C20}.Ad-Hoc|iPhoneSimulator.Build.0 = Release|x86
		{9ADC665E-59AA-430D-8051-E8FBADEF1C20}.Ad-Hoc|iPhoneSimulator.Deploy.0 = Release|x86
		{9ADC665E-59AA-430D-8051-E8FBADEF1C20}.Ad-Hoc|x64.ActiveCfg = Release|x64
		{9ADC665E-59AA-430D-8051-E8FBADEF1C20}.Ad-Hoc|x64.Build.0 = Release|x64
		{9ADC665E-59AA-430D-8051-E8FBADEF1C20}.Ad-Hoc|x64.Deploy.0 = Release|x64
		{9ADC665E-59AA-430D-8051-E8FBADEF1C20}.Ad-Hoc|x86.ActiveCfg = Release|x86
		{9ADC665E-59AA-430D-8051-E8FBADEF1C20}.Ad-Hoc|x86.Build.0 = Release|x86
		{9ADC665E-59AA-430D-8051-E8FBADEF1C20}.Ad-Hoc|x86.Deploy.0 = Release|x86
		{9ADC665E-59AA-430D-8051-E8FBADEF1C20}.AppStore|Any CPU.ActiveCfg = Release|x86
		{9ADC665E-59AA-430D-8051-E8FBADEF1C20}.AppStore|Any CPU.Build.0 = Release|x86
		{9ADC665E-59AA-430D-8051-E8FBADEF1C20}.AppStore|Any CPU.Deploy.0 = Release|x86
		{9ADC665E-59AA-430D-8051-E8FBADEF1C20}.AppStore|ARM.ActiveCfg = Release|ARM
		{9ADC665E-59AA-430D-8051-E8FBADEF1C20}.AppStore|ARM.Build.0 = Release|ARM
		{9ADC665E-59AA-430D-8051-E8FBADEF1C20}.AppStore|ARM.Deploy.0 = Release|ARM
		{9ADC665E-59AA-430D-8051-E8FBADEF1C20}.AppStore|iPhone.ActiveCfg = Release|x86
		{9ADC665E-59AA-430D-8051-E8FBADEF1C20}.AppStore|iPhone.Build.0 = Release|x86
		{9ADC665E-59AA-430D-8051-E8FBADEF1C20}.AppStore|iPhone.Deploy.0 = Release|x86
		{9ADC665E-59AA-430D-8051-E8FBADEF1C20}.AppStore|iPhoneSimulator.ActiveCfg = Release|x86
		{9ADC665E-59AA-430D-8051-E8FBADEF1C20}.AppStore|iPhoneSimulator.Build.0 = Release|x86
		{9ADC665E-59AA-430D-8051-E8FBADEF1C20}.AppStore|iPhoneSimulator.Deploy.0 = Release|x86
		{9ADC665E-59AA-430D-8051-E8FBADEF1C20}.AppStore|x64.ActiveCfg = Release|x64
		{9ADC665E-59AA-430D-8051-E8FBADEF1C20}.AppStore|x64.Build.0 = Release|x64
		{9ADC665E-59AA-430D-8051-E8FBADEF1C20}.AppStore|x64.Deploy.0 = Release|x64
		{9ADC665E-59AA-430D-8051-E8FBADEF1C20}.AppStore|x86.ActiveCfg = Release|x86
		{9ADC665E-59AA-430D-8051-E8FBADEF1C20}.AppStore|x86.Build.0 = Release|x86
		{9ADC665E-59AA-430D-8051-E8FBADEF1C20}.AppStore|x86.Deploy.0 = Release|x86
		{9ADC665E-59AA-430D-8051-E8FBADEF1C20}.Debug|Any CPU.ActiveCfg = Debug|x86
		{9ADC665E-59AA-430D-8051-E8FBADEF1C20}.Debug|ARM.ActiveCfg = Debug|ARM
		{9ADC665E-59AA-430D-8051-E8FBADEF1C20}.Debug|ARM.Build.0 = Debug|ARM
		{9ADC665E-59AA-430D-8051-E8FBADEF1C20}.Debug|ARM.Deploy.0 = Debug|ARM
		{9ADC665E-59AA-430D-8051-E8FBADEF1C20}.Debug|iPhone.ActiveCfg = Debug|x86
		{9ADC665E-59AA-430D-8051-E8FBADEF1C20}.Debug|iPhoneSimulator.ActiveCfg = Debug|x86
		{9ADC665E-59AA-430D-8051-E8FBADEF1C20}.Debug|x64.ActiveCfg = Debug|x64
		{9ADC665E-59AA-430D-8051-E8FBADEF1C20}.Debug|x64.Build.0 = Debug|x64
		{9ADC665E-59AA-430D-8051-E8FBADEF1C20}.Debug|x64.Deploy.0 = Debug|x64
		{9ADC665E-59AA-430D-8051-E8FBADEF1C20}.Debug|x86.ActiveCfg = Debug|x86
		{9ADC665E-59AA-430D-8051-E8FBADEF1C20}.Debug|x86.Build.0 = Debug|x86
		{9ADC665E-59AA-430D-8051-E8FBADEF1C20}.Debug|x86.Deploy.0 = Debug|x86
		{9ADC665E-59AA-430D-8051-E8FBADEF1C20}.Release|Any CPU.ActiveCfg = Release|x86
		{9ADC665E-59AA-430D-8051-E8FBADEF1C20}.Release|ARM.ActiveCfg = Release|ARM
		{9ADC665E-59AA-430D-8051-E8FBADEF1C20}.Release|ARM.Build.0 = Release|ARM
		{9ADC665E-59AA-430D-8051-E8FBADEF1C20}.Release|ARM.Deploy.0 = Release|ARM
		{9ADC665E-59AA-430D-8051-E8FBADEF1C20}.Release|iPhone.ActiveCfg = Release|x86
		{9ADC665E-59AA-430D-8051-E8FBADEF1C20}.Release|iPhoneSimulator.ActiveCfg = Release|x86
		{9ADC665E-59AA-430D-8051-E8FBADEF1C20}.Release|x64.ActiveCfg = Release|x64
		{9ADC665E-59AA-430D-8051-E8FBADEF1C20}.Release|x64.Build.0 = Release|x64
		{9ADC665E-59AA-430D-8051-E8FBADEF1C20}.Release|x64.Deploy.0 = Release|x64
		{9ADC665E-59AA-430D-8051-E8FBADEF1C20}.Release|x86.ActiveCfg = Release|x86
		{9ADC665E-59AA-430D-8051-E8FBADEF1C20}.Release|x86.Build.0 = Release|x86
		{9ADC665E-59AA-430D-8051-E8FBADEF1C20}.Release|x86.Deploy.0 = Release|x86
		{07AB4C3E-3BD4-49D4-BC5B-841E3B733BE9}.Ad-Hoc|Any CPU.ActiveCfg = Ad-Hoc|iPhone
		{07AB4C3E-3BD4-49D4-BC5B-841E3B733BE9}.Ad-Hoc|ARM.ActiveCfg = Ad-Hoc|iPhone
		{07AB4C3E-3BD4-49D4-BC5B-841E3B733BE9}.Ad-Hoc|iPhone.ActiveCfg = Ad-Hoc|iPhone
		{07AB4C3E-3BD4-49D4-BC5B-841E3B733BE9}.Ad-Hoc|iPhone.Build.0 = Ad-Hoc|iPhone
		{07AB4C3E-3BD4-49D4-BC5B-841E3B733BE9}.Ad-Hoc|iPhoneSimulator.ActiveCfg = Ad-Hoc|iPhoneSimulator
		{07AB4C3E-3BD4-49D4-BC5B-841E3B733BE9}.Ad-Hoc|iPhoneSimulator.Build.0 = Ad-Hoc|iPhoneSimulator
		{07AB4C3E-3BD4-49D4-BC5B-841E3B733BE9}.Ad-Hoc|x64.ActiveCfg = Ad-Hoc|iPhone
		{07AB4C3E-3BD4-49D4-BC5B-841E3B733BE9}.Ad-Hoc|x86.ActiveCfg = Ad-Hoc|iPhone
		{07AB4C3E-3BD4-49D4-BC5B-841E3B733BE9}.AppStore|Any CPU.ActiveCfg = AppStore|iPhone
		{07AB4C3E-3BD4-49D4-BC5B-841E3B733BE9}.AppStore|ARM.ActiveCfg = AppStore|iPhone
		{07AB4C3E-3BD4-49D4-BC5B-841E3B733BE9}.AppStore|iPhone.ActiveCfg = AppStore|iPhone
		{07AB4C3E-3BD4-49D4-BC5B-841E3B733BE9}.AppStore|iPhone.Build.0 = AppStore|iPhone
		{07AB4C3E-3BD4-49D4-BC5B-841E3B733BE9}.AppStore|iPhoneSimulator.ActiveCfg = AppStore|iPhoneSimulator
		{07AB4C3E-3BD4-49D4-BC5B-841E3B733BE9}.AppStore|iPhoneSimulator.Build.0 = AppStore|iPhoneSimulator
		{07AB4C3E-3BD4-49D4-BC5B-841E3B733BE9}.AppStore|x64.ActiveCfg = AppStore|iPhone
		{07AB4C3E-3BD4-49D4-BC5B-841E3B733BE9}.AppStore|x86.ActiveCfg = AppStore|iPhone
		{07AB4C3E-3BD4-49D4-BC5B-841E3B733BE9}.Debug|Any CPU.ActiveCfg = Debug|iPhone
		{07AB4C3E-3BD4-49D4-BC5B-841E3B733BE9}.Debug|ARM.ActiveCfg = Debug|iPhone
		{07AB4C3E-3BD4-49D4-BC5B-841E3B733BE9}.Debug|iPhone.ActiveCfg = Debug|iPhone
		{07AB4C3E-3BD4-49D4-BC5B-841E3B733BE9}.Debug|iPhone.Build.0 = Debug|iPhone
		{07AB4C3E-3BD4-49D4-BC5B-841E3B733BE9}.Debug|iPhoneSimulator.ActiveCfg = Debug|iPhoneSimulator
		{07AB4C3E-3BD4-49D4-BC5B-841E3B733BE9}.Debug|iPhoneSimulator.Build.0 = Debug|iPhoneSimulator
		{07AB4C3E-3BD4-49D4-BC5B-841E3B733BE9}.Debug|x64.ActiveCfg = Debug|iPhone
		{07AB4C3E-3BD4-49D4-BC5B-841E3B733BE9}.Debug|x86.ActiveCfg = Debug|iPhone
		{07AB4C3E-3BD4-49D4-BC5B-841E3B733BE9}.Release|Any CPU.ActiveCfg = Release|iPhone
		{07AB4C3E-3BD4-49D4-BC5B-841E3B733BE9}.Release|ARM.ActiveCfg = Release|iPhone
		{07AB4C3E-3BD4-49D4-BC5B-841E3B733BE9}.Release|iPhone.ActiveCfg = Release|iPhone
		{07AB4C3E-3BD4-49D4-BC5B-841E3B733BE9}.Release|iPhone.Build.0 = Release|iPhone
		{07AB4C3E-3BD4-49D4-BC5B-841E3B733BE9}.Release|iPhoneSimulator.ActiveCfg = Release|iPhoneSimulator
		{07AB4C3E-3BD4-49D4-BC5B-841E3B733BE9}.Release|iPhoneSimulator.Build.0 = Release|iPhoneSimulator
		{07AB4C3E-3BD4-49D4-BC5B-841E3B733BE9}.Release|x64.ActiveCfg = Release|iPhone
		{07AB4C3E-3BD4-49D4-BC5B-841E3B733BE9}.Release|x86.ActiveCfg = Release|iPhone
	EndGlobalSection
	GlobalSection(SolutionProperties) = preSolution
		HideSolutionNode = FALSE
	EndGlobalSection
EndGlobal
